// !$*UTF8*$!
{
	archiveVersion = 1;
	classes = {
	};
	objectVersion = 50;
	objects = {

/* Begin PBXBuildFile section */
		B9EBAE852244B5B300A01E0C /* AppDelegate.m in Sources */ = {isa = PBXBuildFile; fileRef = B9EBAE842244B5B300A01E0C /* AppDelegate.m */; };
		B9EBAE882244B5B400A01E0C /* ViewController.m in Sources */ = {isa = PBXBuildFile; fileRef = B9EBAE872244B5B400A01E0C /* ViewController.m */; };
		B9EBAE8B2244B5B400A01E0C /* Main.storyboard in Resources */ = {isa = PBXBuildFile; fileRef = B9EBAE892244B5B400A01E0C /* Main.storyboard */; };
		B9EBAE8D2244B5B500A01E0C /* Assets.xcassets in Resources */ = {isa = PBXBuildFile; fileRef = B9EBAE8C2244B5B500A01E0C /* Assets.xcassets */; };
		B9EBAE902244B5B500A01E0C /* LaunchScreen.storyboard in Resources */ = {isa = PBXBuildFile; fileRef = B9EBAE8E2244B5B500A01E0C /* LaunchScreen.storyboard */; };
		B9EBAE932244B5B500A01E0C /* main.m in Sources */ = {isa = PBXBuildFile; fileRef = B9EBAE922244B5B500A01E0C /* main.m */; };
		B9EBAE9D2244B5B500A01E0C /* bsdiffDemoTests.m in Sources */ = {isa = PBXBuildFile; fileRef = B9EBAE9C2244B5B500A01E0C /* bsdiffDemoTests.m */; };
		B9EBAEA82244B5B500A01E0C /* bsdiffDemoUITests.m in Sources */ = {isa = PBXBuildFile; fileRef = B9EBAEA72244B5B500A01E0C /* bsdiffDemoUITests.m */; };
/* End PBXBuildFile section */

/* Begin PBXContainerItemProxy section */
		B9EBAE992244B5B500A01E0C /* PBXContainerItemProxy */ = {
			isa = PBXContainerItemProxy;
			containerPortal = B9EBAE782244B5B300A01E0C /* Project object */;
			proxyType = 1;
			remoteGlobalIDString = B9EBAE7F2244B5B300A01E0C;
			remoteInfo = bsdiffDemo;
		};
		B9EBAEA42244B5B500A01E0C /* PBXContainerItemProxy */ = {
			isa = PBXContainerItemProxy;
			containerPortal = B9EBAE782244B5B300A01E0C /* Project object */;
			proxyType = 1;
			remoteGlobalIDString = B9EBAE7F2244B5B300A01E0C;
			remoteInfo = bsdiffDemo;
		};
/* End PBXContainerItemProxy section */

/* Begin PBXFileReference section */
		B9EBAE802244B5B300A01E0C /* bsdiffDemo.app */ = {isa = PBXFileReference; explicitFileType = wrapper.application; includeInIndex = 0; path = bsdiffDemo.app; sourceTree = BUILT_PRODUCTS_DIR; };
		B9EBAE832244B5B300A01E0C /* AppDelegate.h */ = {isa = PBXFileReference; lastKnownFileType = sourcecode.c.h; path = AppDelegate.h; sourceTree = "<group>"; };
		B9EBAE842244B5B300A01E0C /* AppDelegate.m */ = {isa = PBXFileReference; lastKnownFileType = sourcecode.c.objc; path = AppDelegate.m; sourceTree = "<group>"; };
		B9EBAE862244B5B400A01E0C /* ViewController.h */ = {isa = PBXFileReference; lastKnownFileType = sourcecode.c.h; path = ViewController.h; sourceTree = "<group>"; };
		B9EBAE872244B5B400A01E0C /* ViewController.m */ = {isa = PBXFileReference; lastKnownFileType = sourcecode.c.objc; path = ViewController.m; sourceTree = "<group>"; };
		B9EBAE8A2244B5B400A01E0C /* Base */ = {isa = PBXFileReference; lastKnownFileType = file.storyboard; name = Base; path = Base.lproj/Main.storyboard; sourceTree = "<group>"; };
		B9EBAE8C2244B5B500A01E0C /* Assets.xcassets */ = {isa = PBXFileReference; lastKnownFileType = folder.assetcatalog; path = Assets.xcassets; sourceTree = "<group>"; };
		B9EBAE8F2244B5B500A01E0C /* Base */ = {isa = PBXFileReference; lastKnownFileType = file.storyboard; name = Base; path = Base.lproj/LaunchScreen.storyboard; sourceTree = "<group>"; };
		B9EBAE912244B5B500A01E0C /* Info.plist */ = {isa = PBXFileReference; lastKnownFileType = text.plist.xml; path = Info.plist; sourceTree = "<group>"; };
		B9EBAE922244B5B500A01E0C /* main.m */ = {isa = PBXFileReference; lastKnownFileType = sourcecode.c.objc; path = main.m; sourceTree = "<group>"; };
		B9EBAE982244B5B500A01E0C /* bsdiffDemoTests.xctest */ = {isa = PBXFileReference; explicitFileType = wrapper.cfbundle; includeInIndex = 0; path = bsdiffDemoTests.xctest; sourceTree = BUILT_PRODUCTS_DIR; };
		B9EBAE9C2244B5B500A01E0C /* bsdiffDemoTests.m */ = {isa = PBXFileReference; lastKnownFileType = sourcecode.c.objc; path = bsdiffDemoTests.m; sourceTree = "<group>"; };
		B9EBAE9E2244B5B500A01E0C /* Info.plist */ = {isa = PBXFileReference; lastKnownFileType = text.plist.xml; path = Info.plist; sourceTree = "<group>"; };
		B9EBAEA32244B5B500A01E0C /* bsdiffDemoUITests.xctest */ = {isa = PBXFileReference; explicitFileType = wrapper.cfbundle; includeInIndex = 0; path = bsdiffDemoUITests.xctest; sourceTree = BUILT_PRODUCTS_DIR; };
		B9EBAEA72244B5B500A01E0C /* bsdiffDemoUITests.m */ = {isa = PBXFileReference; lastKnownFileType = sourcecode.c.objc; path = bsdiffDemoUITests.m; sourceTree = "<group>"; };
		B9EBAEA92244B5B500A01E0C /* Info.plist */ = {isa = PBXFileReference; lastKnownFileType = text.plist.xml; path = Info.plist; sourceTree = "<group>"; };
/* End PBXFileReference section */

/* Begin PBXFrameworksBuildPhase section */
		B9EBAE7D2244B5B300A01E0C /* Frameworks */ = {
			isa = PBXFrameworksBuildPhase;
			buildActionMask = 2147483647;
			files = (
			);
			runOnlyForDeploymentPostprocessing = 0;
		};
		B9EBAE952244B5B500A01E0C /* Frameworks */ = {
			isa = PBXFrameworksBuildPhase;
			buildActionMask = 2147483647;
			files = (
			);
			runOnlyForDeploymentPostprocessing = 0;
		};
		B9EBAEA02244B5B500A01E0C /* Frameworks */ = {
			isa = PBXFrameworksBuildPhase;
			buildActionMask = 2147483647;
			files = (
			);
			runOnlyForDeploymentPostprocessing = 0;
		};
/* End PBXFrameworksBuildPhase section */

/* Begin PBXGroup section */
		B9EBAE772244B5B300A01E0C = {
			isa = PBXGroup;
			children = (
				B9EBAE822244B5B300A01E0C /* bsdiffDemo */,
				B9EBAE9B2244B5B500A01E0C /* bsdiffDemoTests */,
				B9EBAEA62244B5B500A01E0C /* bsdiffDemoUITests */,
				B9EBAE812244B5B300A01E0C /* Products */,
			);
			sourceTree = "<group>";
		};
		B9EBAE812244B5B300A01E0C /* Products */ = {
			isa = PBXGroup;
			children = (
				B9EBAE802244B5B300A01E0C /* bsdiffDemo.app */,
				B9EBAE982244B5B500A01E0C /* bsdiffDemoTests.xctest */,
				B9EBAEA32244B5B500A01E0C /* bsdiffDemoUITests.xctest */,
			);
			name = Products;
			sourceTree = "<group>";
		};
		B9EBAE822244B5B300A01E0C /* bsdiffDemo */ = {
			isa = PBXGroup;
			children = (
				B9EBAE832244B5B300A01E0C /* AppDelegate.h */,
				B9EBAE842244B5B300A01E0C /* AppDelegate.m */,
				B9EBAE862244B5B400A01E0C /* ViewController.h */,
				B9EBAE872244B5B400A01E0C /* ViewController.m */,
				B9EBAE892244B5B400A01E0C /* Main.storyboard */,
				B9EBAE8C2244B5B500A01E0C /* Assets.xcassets */,
				B9EBAE8E2244B5B500A01E0C /* LaunchScreen.storyboard */,
				B9EBAE912244B5B500A01E0C /* Info.plist */,
				B9EBAE922244B5B500A01E0C /* main.m */,
			);
			path = bsdiffDemo;
			sourceTree = "<group>";
		};
		B9EBAE9B2244B5B500A01E0C /* bsdiffDemoTests */ = {
			isa = PBXGroup;
			children = (
				B9EBAE9C2244B5B500A01E0C /* bsdiffDemoTests.m */,
				B9EBAE9E2244B5B500A01E0C /* Info.plist */,
			);
			path = bsdiffDemoTests;
			sourceTree = "<group>";
		};
		B9EBAEA62244B5B500A01E0C /* bsdiffDemoUITests */ = {
			isa = PBXGroup;
			children = (
				B9EBAEA72244B5B500A01E0C /* bsdiffDemoUITests.m */,
				B9EBAEA92244B5B500A01E0C /* Info.plist */,
			);
			path = bsdiffDemoUITests;
			sourceTree = "<group>";
		};
/* End PBXGroup section */

/* Begin PBXNativeTarget section */
		B9EBAE7F2244B5B300A01E0C /* bsdiffDemo */ = {
			isa = PBXNativeTarget;
			buildConfigurationList = B9EBAEAC2244B5B500A01E0C /* Build configuration list for PBXNativeTarget "bsdiffDemo" */;
			buildPhases = (
				B9EBAE7C2244B5B300A01E0C /* Sources */,
				B9EBAE7D2244B5B300A01E0C /* Frameworks */,
				B9EBAE7E2244B5B300A01E0C /* Resources */,
			);
			buildRules = (
			);
			dependencies = (
			);
			name = bsdiffDemo;
			productName = bsdiffDemo;
			productReference = B9EBAE802244B5B300A01E0C /* bsdiffDemo.app */;
			productType = "com.apple.product-type.application";
		};
		B9EBAE972244B5B500A01E0C /* bsdiffDemoTests */ = {
			isa = PBXNativeTarget;
			buildConfigurationList = B9EBAEAF2244B5B500A01E0C /* Build configuration list for PBXNativeTarget "bsdiffDemoTests" */;
			buildPhases = (
				B9EBAE942244B5B500A01E0C /* Sources */,
				B9EBAE952244B5B500A01E0C /* Frameworks */,
				B9EBAE962244B5B500A01E0C /* Resources */,
			);
			buildRules = (
			);
			dependencies = (
				B9EBAE9A2244B5B500A01E0C /* PBXTargetDependency */,
			);
			name = bsdiffDemoTests;
			productName = bsdiffDemoTests;
			productReference = B9EBAE982244B5B500A01E0C /* bsdiffDemoTests.xctest */;
			productType = "com.apple.product-type.bundle.unit-test";
		};
		B9EBAEA22244B5B500A01E0C /* bsdiffDemoUITests */ = {
			isa = PBXNativeTarget;
			buildConfigurationList = B9EBAEB22244B5B500A01E0C /* Build configuration list for PBXNativeTarget "bsdiffDemoUITests" */;
			buildPhases = (
				B9EBAE9F2244B5B500A01E0C /* Sources */,
				B9EBAEA02244B5B500A01E0C /* Frameworks */,
				B9EBAEA12244B5B500A01E0C /* Resources */,
			);
			buildRules = (
			);
			dependencies = (
				B9EBAEA52244B5B500A01E0C /* PBXTargetDependency */,
			);
			name = bsdiffDemoUITests;
			productName = bsdiffDemoUITests;
			productReference = B9EBAEA32244B5B500A01E0C /* bsdiffDemoUITests.xctest */;
			productType = "com.apple.product-type.bundle.ui-testing";
		};
/* End PBXNativeTarget section */

/* Begin PBXProject section */
		B9EBAE782244B5B300A01E0C /* Project object */ = {
			isa = PBXProject;
			attributes = {
				LastUpgradeCheck = 1010;
				ORGANIZATIONNAME = zgy;
				TargetAttributes = {
					B9EBAE7F2244B5B300A01E0C = {
						CreatedOnToolsVersion = 10.1;
					};
					B9EBAE972244B5B500A01E0C = {
						CreatedOnToolsVersion = 10.1;
						TestTargetID = B9EBAE7F2244B5B300A01E0C;
					};
					B9EBAEA22244B5B500A01E0C = {
						CreatedOnToolsVersion = 10.1;
						TestTargetID = B9EBAE7F2244B5B300A01E0C;
					};
				};
			};
			buildConfigurationList = B9EBAE7B2244B5B300A01E0C /* Build configuration list for PBXProject "bsdiffDemo" */;
			compatibilityVersion = "Xcode 9.3";
			developmentRegion = en;
			hasScannedForEncodings = 0;
			knownRegions = (
				en,
				Base,
			);
			mainGroup = B9EBAE772244B5B300A01E0C;
			productRefGroup = B9EBAE812244B5B300A01E0C /* Products */;
			projectDirPath = "";
			projectRoot = "";
			targets = (
				B9EBAE7F2244B5B300A01E0C /* bsdiffDemo */,
				B9EBAE972244B5B500A01E0C /* bsdiffDemoTests */,
				B9EBAEA22244B5B500A01E0C /* bsdiffDemoUITests */,
			);
		};
/* End PBXProject section */

/* Begin PBXResourcesBuildPhase section */
		B9EBAE7E2244B5B300A01E0C /* Resources */ = {
			isa = PBXResourcesBuildPhase;
			buildActionMask = 2147483647;
			files = (
				B9EBAE902244B5B500A01E0C /* LaunchScreen.storyboard in Resources */,
				B9EBAE8D2244B5B500A01E0C /* Assets.xcassets in Resources */,
				B9EBAE8B2244B5B400A01E0C /* Main.storyboard in Resources */,
			);
			runOnlyForDeploymentPostprocessing = 0;
		};
		B9EBAE962244B5B500A01E0C /* Resources */ = {
			isa = PBXResourcesBuildPhase;
			buildActionMask = 2147483647;
			files = (
			);
			runOnlyForDeploymentPostprocessing = 0;
		};
		B9EBAEA12244B5B500A01E0C /* Resources */ = {
			isa = PBXResourcesBuildPhase;
			buildActionMask = 2147483647;
			files = (
			);
			runOnlyForDeploymentPostprocessing = 0;
		};
/* End PBXResourcesBuildPhase section */

/* Begin PBXSourcesBuildPhase section */
		B9EBAE7C2244B5B300A01E0C /* Sources */ = {
			isa = PBXSourcesBuildPhase;
			buildActionMask = 2147483647;
			files = (
				B9EBAE882244B5B400A01E0C /* ViewController.m in Sources */,
				B9EBAE932244B5B500A01E0C /* main.m in Sources */,
				B9EBAE852244B5B300A01E0C /* AppDelegate.m in Sources */,
			);
			runOnlyForDeploymentPostprocessing = 0;
		};
		B9EBAE942244B5B500A01E0C /* Sources */ = {
			isa = PBXSourcesBuildPhase;
			buildActionMask = 2147483647;
			files = (
				B9EBAE9D2244B5B500A01E0C /* bsdiffDemoTests.m in Sources */,
			);
			runOnlyForDeploymentPostprocessing = 0;
		};
		B9EBAE9F2244B5B500A01E0C /* Sources */ = {
			isa = PBXSourcesBuildPhase;
			buildActionMask = 2147483647;
			files = (
				B9EBAEA82244B5B500A01E0C /* bsdiffDemoUITests.m in Sources */,
			);
			runOnlyForDeploymentPostprocessing = 0;
		};
/* End PBXSourcesBuildPhase section */

/* Begin PBXTargetDependency section */
		B9EBAE9A2244B5B500A01E0C /* PBXTargetDependency */ = {
			isa = PBXTargetDependency;
			target = B9EBAE7F2244B5B300A01E0C /* bsdiffDemo */;
			targetProxy = B9EBAE992244B5B500A01E0C /* PBXContainerItemProxy */;
		};
		B9EBAEA52244B5B500A01E0C /* PBXTargetDependency */ = {
			isa = PBXTargetDependency;
			target = B9EBAE7F2244B5B300A01E0C /* bsdiffDemo */;
			targetProxy = B9EBAEA42244B5B500A01E0C /* PBXContainerItemProxy */;
		};
/* End PBXTargetDependency section */

/* Begin PBXVariantGroup section */
		B9EBAE892244B5B400A01E0C /* Main.storyboard */ = {
			isa = PBXVariantGroup;
			children = (
				B9EBAE8A2244B5B400A01E0C /* Base */,
			);
			name = Main.storyboard;
			sourceTree = "<group>";
		};
		B9EBAE8E2244B5B500A01E0C /* LaunchScreen.storyboard */ = {
			isa = PBXVariantGroup;
			children = (
				B9EBAE8F2244B5B500A01E0C /* Base */,
			);
			name = LaunchScreen.storyboard;
			sourceTree = "<group>";
		};
/* End PBXVariantGroup section */

/* Begin XCBuildConfiguration section */
		B9EBAEAA2244B5B500A01E0C /* Debug */ = {
			isa = XCBuildConfiguration;
			buildSettings = {
				ALWAYS_SEARCH_USER_PATHS = NO;
				CLANG_ANALYZER_NONNULL = YES;
				CLANG_ANALYZER_NUMBER_OBJECT_CONVERSION = YES_AGGRESSIVE;
				CLANG_CXX_LANGUAGE_STANDARD = "gnu++14";
				CLANG_CXX_LIBRARY = "libc++";
				CLANG_ENABLE_MODULES = YES;
				CLANG_ENABLE_OBJC_ARC = YES;
				CLANG_ENABLE_OBJC_WEAK = YES;
				CLANG_WARN_BLOCK_CAPTURE_AUTORELEASING = YES;
				CLANG_WARN_BOOL_CONVERSION = YES;
				CLANG_WARN_COMMA = YES;
				CLANG_WARN_CONSTANT_CONVERSION = YES;
				CLANG_WARN_DEPRECATED_OBJC_IMPLEMENTATIONS = YES;
				CLANG_WARN_DIRECT_OBJC_ISA_USAGE = YES_ERROR;
				CLANG_WARN_DOCUMENTATION_COMMENTS = YES;
				CLANG_WARN_EMPTY_BODY = YES;
				CLANG_WARN_ENUM_CONVERSION = YES;
				CLANG_WARN_INFINITE_RECURSION = YES;
				CLANG_WARN_INT_CONVERSION = YES;
				CLANG_WARN_NON_LITERAL_NULL_CONVERSION = YES;
				CLANG_WARN_OBJC_IMPLICIT_RETAIN_SELF = YES;
				CLANG_WARN_OBJC_LITERAL_CONVERSION = YES;
				CLANG_WARN_OBJC_ROOT_CLASS = YES_ERROR;
				CLANG_WARN_RANGE_LOOP_ANALYSIS = YES;
				CLANG_WARN_STRICT_PROTOTYPES = YES;
				CLANG_WARN_SUSPICIOUS_MOVE = YES;
				CLANG_WARN_UNGUARDED_AVAILABILITY = YES_AGGRESSIVE;
				CLANG_WARN_UNREACHABLE_CODE = YES;
				CLANG_WARN__DUPLICATE_METHOD_MATCH = YES;
				CODE_SIGN_IDENTITY = "iPhone Developer";
				COPY_PHASE_STRIP = NO;
				DEBUG_INFORMATION_FORMAT = dwarf;
				ENABLE_STRICT_OBJC_MSGSEND = YES;
				ENABLE_TESTABILITY = YES;
				GCC_C_LANGUAGE_STANDARD = gnu11;
				GCC_DYNAMIC_NO_PIC = NO;
				GCC_NO_COMMON_BLOCKS = YES;
				GCC_OPTIMIZATION_LEVEL = 0;
				GCC_PREPROCESSOR_DEFINITIONS = (
					"DEBUG=1",
					"$(inherited)",
				);
				GCC_WARN_64_TO_32_BIT_CONVERSION = YES;
				GCC_WARN_ABOUT_RETURN_TYPE = YES_ERROR;
				GCC_WARN_UNDECLARED_SELECTOR = YES;
				GCC_WARN_UNINITIALIZED_AUTOS = YES_AGGRESSIVE;
				GCC_WARN_UNUSED_FUNCTION = YES;
				GCC_WARN_UNUSED_VARIABLE = YES;
				IPHONEOS_DEPLOYMENT_TARGET = 12.1;
				MTL_ENABLE_DEBUG_INFO = INCLUDE_SOURCE;
				MTL_FAST_MATH = YES;
				ONLY_ACTIVE_ARCH = YES;
				SDKROOT = iphoneos;
			};
			name = Debug;
		};
		B9EBAEAB2244B5B500A01E0C /* Release */ = {
			isa = XCBuildConfiguration;
			buildSettings = {
				ALWAYS_SEARCH_USER_PATHS = NO;
				CLANG_ANALYZER_NONNULL = YES;
				CLANG_ANALYZER_NUMBER_OBJECT_CONVERSION = YES_AGGRESSIVE;
				CLANG_CXX_LANGUAGE_STANDARD = "gnu++14";
				CLANG_CXX_LIBRARY = "libc++";
				CLANG_ENABLE_MODULES = YES;
				CLANG_ENABLE_OBJC_ARC = YES;
				CLANG_ENABLE_OBJC_WEAK = YES;
				CLANG_WARN_BLOCK_CAPTURE_AUTORELEASING = YES;
				CLANG_WARN_BOOL_CONVERSION = YES;
				CLANG_WARN_COMMA = YES;
				CLANG_WARN_CONSTANT_CONVERSION = YES;
				CLANG_WARN_DEPRECATED_OBJC_IMPLEMENTATIONS = YES;
				CLANG_WARN_DIRECT_OBJC_ISA_USAGE = YES_ERROR;
				CLANG_WARN_DOCUMENTATION_COMMENTS = YES;
				CLANG_WARN_EMPTY_BODY = YES;
				CLANG_WARN_ENUM_CONVERSION = YES;
				CLANG_WARN_INFINITE_RECURSION = YES;
				CLANG_WARN_INT_CONVERSION = YES;
				CLANG_WARN_NON_LITERAL_NULL_CONVERSION = YES;
				CLANG_WARN_OBJC_IMPLICIT_RETAIN_SELF = YES;
				CLANG_WARN_OBJC_LITERAL_CONVERSION = YES;
				CLANG_WARN_OBJC_ROOT_CLASS = YES_ERROR;
				CLANG_WARN_RANGE_LOOP_ANALYSIS = YES;
				CLANG_WARN_STRICT_PROTOTYPES = YES;
				CLANG_WARN_SUSPICIOUS_MOVE = YES;
				CLANG_WARN_UNGUARDED_AVAILABILITY = YES_AGGRESSIVE;
				CLANG_WARN_UNREACHABLE_CODE = YES;
				CLANG_WARN__DUPLICATE_METHOD_MATCH = YES;
				CODE_SIGN_IDENTITY = "iPhone Developer";
				COPY_PHASE_STRIP = NO;
				DEBUG_INFORMATION_FORMAT = "dwarf-with-dsym";
				ENABLE_NS_ASSERTIONS = NO;
				ENABLE_STRICT_OBJC_MSGSEND = YES;
				GCC_C_LANGUAGE_STANDARD = gnu11;
				GCC_NO_COMMON_BLOCKS = YES;
				GCC_WARN_64_TO_32_BIT_CONVERSION = YES;
				GCC_WARN_ABOUT_RETURN_TYPE = YES_ERROR;
				GCC_WARN_UNDECLARED_SELECTOR = YES;
				GCC_WARN_UNINITIALIZED_AUTOS = YES_AGGRESSIVE;
				GCC_WARN_UNUSED_FUNCTION = YES;
				GCC_WARN_UNUSED_VARIABLE = YES;
				IPHONEOS_DEPLOYMENT_TARGET = 12.1;
				MTL_ENABLE_DEBUG_INFO = NO;
				MTL_FAST_MATH = YES;
				SDKROOT = iphoneos;
				VALIDATE_PRODUCT = YES;
			};
			name = Release;
		};
		B9EBAEAD2244B5B500A01E0C /* Debug */ = {
			isa = XCBuildConfiguration;
			buildSettings = {
				ASSETCATALOG_COMPILER_APPICON_NAME = AppIcon;
				CODE_SIGN_STYLE = Automatic;
				DEVELOPMENT_TEAM = 558S72BJ24;
				INFOPLIST_FILE = bsdiffDemo/Info.plist;
				LD_RUNPATH_SEARCH_PATHS = (
					"$(inherited)",
					"@executable_path/Frameworks",
				);
				PRODUCT_BUNDLE_IDENTIFIER = com.bsdiffDemo;
				PRODUCT_NAME = "$(TARGET_NAME)";
				TARGETED_DEVICE_FAMILY = "1,2";
			};
			name = Debug;
		};
		B9EBAEAE2244B5B500A01E0C /* Release */ = {
			isa = XCBuildConfiguration;
			buildSettings = {
				ASSETCATALOG_COMPILER_APPICON_NAME = AppIcon;
				CODE_SIGN_STYLE = Automatic;
				DEVELOPMENT_TEAM = 558S72BJ24;
				INFOPLIST_FILE = bsdiffDemo/Info.plist;
				LD_RUNPATH_SEARCH_PATHS = (
					"$(inherited)",
					"@executable_path/Frameworks",
				);
				PRODUCT_BUNDLE_IDENTIFIER = com.bsdiffDemo;
				PRODUCT_NAME = "$(TARGET_NAME)";
				TARGETED_DEVICE_FAMILY = "1,2";
			};
			name = Release;
		};
		B9EBAEB02244B5B500A01E0C /* Debug */ = {
			isa = XCBuildConfiguration;
			buildSettings = {
				BUNDLE_LOADER = "$(TEST_HOST)";
				CODE_SIGN_STYLE = Automatic;
				DEVELOPMENT_TEAM = 558S72BJ24;
				INFOPLIST_FILE = bsdiffDemoTests/Info.plist;
				LD_RUNPATH_SEARCH_PATHS = (
					"$(inherited)",
					"@executable_path/Frameworks",
					"@loader_path/Frameworks",
				);
				PRODUCT_BUNDLE_IDENTIFIER = com.bsdiffDemoTests;
				PRODUCT_NAME = "$(TARGET_NAME)";
				TARGETED_DEVICE_FAMILY = "1,2";
				TEST_HOST = "$(BUILT_PRODUCTS_DIR)/bsdiffDemo.app/bsdiffDemo";
			};
			name = Debug;
		};
		B9EBAEB12244B5B500A01E0C /* Release */ = {
			isa = XCBuildConfiguration;
			buildSettings = {
				BUNDLE_LOADER = "$(TEST_HOST)";
				CODE_SIGN_STYLE = Automatic;
				DEVELOPMENT_TEAM = 558S72BJ24;
				INFOPLIST_FILE = bsdiffDemoTests/Info.plist;
				LD_RUNPATH_SEARCH_PATHS = (
					"$(inherited)",
					"@executable_path/Frameworks",
					"@loader_path/Frameworks",
				);
				PRODUCT_BUNDLE_IDENTIFIER = com.bsdiffDemoTests;
				PRODUCT_NAME = "$(TARGET_NAME)";
				TARGETED_DEVICE_FAMILY = "1,2";
				TEST_HOST = "$(BUILT_PRODUCTS_DIR)/bsdiffDemo.app/bsdiffDemo";
			};
			name = Release;
		};
		B9EBAEB32244B5B500A01E0C /* Debug */ = {
			isa = XCBuildConfiguration;
			buildSettings = {
				CODE_SIGN_STYLE = Automatic;
				DEVELOPMENT_TEAM = 558S72BJ24;
				INFOPLIST_FILE = bsdiffDemoUITests/Info.plist;
				LD_RUNPATH_SEARCH_PATHS = (
					"$(inherited)",
					"@executable_path/Frameworks",
					"@loader_path/Frameworks",
				);
				PRODUCT_BUNDLE_IDENTIFIER = com.bsdiffDemoUITests;
				PRODUCT_NAME = "$(TARGET_NAME)";
				TARGETED_DEVICE_FAMILY = "1,2";
				TEST_TARGET_NAME = bsdiffDemo;
			};
			name = Debug;
		};
		B9EBAEB42244B5B500A01E0C /* Release */ = {
			isa = XCBuildConfiguration;
			buildSettings = {
				CODE_SIGN_STYLE = Automatic;
				DEVELOPMENT_TEAM = 558S72BJ24;
				INFOPLIST_FILE = bsdiffDemoUITests/Info.plist;
				LD_RUNPATH_SEARCH_PATHS = (
					"$(inherited)",
					"@executable_path/Frameworks",
					"@loader_path/Frameworks",
				);
				PRODUCT_BUNDLE_IDENTIFIER = com.bsdiffDemoUITests;
				PRODUCT_NAME = "$(TARGET_NAME)";
				TARGETED_DEVICE_FAMILY = "1,2";
				TEST_TARGET_NAME = bsdiffDemo;
			};
			name = Release;
		};
/* End XCBuildConfiguration section */

/* Begin XCConfigurationList section */
		B9EBAE7B2244B5B300A01E0C /* Build configuration list for PBXProject "bsdiffDemo" */ = {
			isa = XCConfigurationList;
			buildConfigurations = (
				B9EBAEAA2244B5B500A01E0C /* Debug */,
				B9EBAEAB2244B5B500A01E0C /* Release */,
			);
			defaultConfigurationIsVisible = 0;
			defaultConfigurationName = Release;
		};
		B9EBAEAC2244B5B500A01E0C /* Build configuration list for PBXNativeTarget "bsdiffDemo" */ = {
			isa = XCConfigurationList;
			buildConfigurations = (
				B9EBAEAD2244B5B500A01E0C /* Debug */,
				B9EBAEAE2244B5B500A01E0C /* Release */,
			);
			defaultConfigurationIsVisible = 0;
			defaultConfigurationName = Release;
		};
		B9EBAEAF2244B5B500A01E0C /* Build configuration list for PBXNativeTarget "bsdiffDemoTests" */ = {
			isa = XCConfigurationList;
			buildConfigurations = (
				B9EBAEB02244B5B500A01E0C /* Debug */,
				B9EBAEB12244B5B500A01E0C /* Release */,
			);
			defaultConfigurationIsVisible = 0;
			defaultConfigurationName = Release;
		};
		B9EBAEB22244B5B500A01E0C /* Build configuration list for PBXNativeTarget "bsdiffDemoUITests" */ = {
			isa = XCConfigurationList;
			buildConfigurations = (
				B9EBAEB32244B5B500A01E0C /* Debug */,
				B9EBAEB42244B5B500A01E0C /* Release */,
			);
			defaultConfigurationIsVisible = 0;
			defaultConfigurationName = Release;
		};
/* End XCConfigurationList section */
	};
	rootObject = B9EBAE782244B5B300A01E0C /* Project object */;
}
